<?xml version="1.0" encoding="utf-8"?>
<Project ToolsVersion="4.0" xmlns="http://schemas.microsoft.com/developer/msbuild/2003">
  <ItemGroup>
    <ClCompile Include="Buzzer.cpp">
      <Filter>src</Filter>
    </ClCompile>
    <ClCompile Include="PKEMeter.cpp">
      <Filter>src</Filter>
    </ClCompile>
    <ClCompile Include="PKEMeterInterface.cpp">
      <Filter>src</Filter>
    </ClCompile>
    <ClCompile Include="PKEMeterState_Off.cpp">
      <Filter>src</Filter>
    </ClCompile>
    <ClCompile Include="PKEMeterState_LowEnergyOperativeMode.cpp">
      <Filter>src</Filter>
    </ClCompile>
    <ClCompile Include="PKEMeterState_HighEnergyOperativeMode.cpp">
      <Filter>src</Filter>
    </ClCompile>
    <ClCompile Include="PKEMeterState_LowEnergyStage2.cpp">
      <Filter>src</Filter>
    </ClCompile>
    <ClCompile Include="PKEMeterState_LowEnergyStage3.cpp">
      <Filter>src</Filter>
    </ClCompile>
    <ClCompile Include="PKEMeterState_HighEnergyStage3.cpp">
      <Filter>src</Filter>
    </ClCompile>
    <ClCompile Include="PKEMeterState_HighEnergyStage2.cpp">
      <Filter>src</Filter>
    </ClCompile>
    <ClCompile Include="PKEMeterInput.cpp">
      <Filter>src</Filter>
    </ClCompile>
    <ClCompile Include="PKEMeterSelector.cpp">
      <Filter>src</Filter>
    </ClCompile>
    <ClCompile Include="PKEMeterKeyboardLayout.cpp">
      <Filter>src</Filter>
    </ClCompile>
    <ClCompile Include="State.cpp">
      <Filter>ArduinoApplicationEngine\src</Filter>
    </ClCompile>
    <ClCompile Include="StateContext.cpp">
      <Filter>ArduinoApplicationEngine\src</Filter>
    </ClCompile>
    <ClCompile Include="InputLayout.cpp">
      <Filter>ArduinoApplicationEngine\src</Filter>
    </ClCompile>
    <ClCompile Include="PKEMeterStateContext.cpp">
      <Filter>src</Filter>
    </ClCompile>
  </ItemGroup>
  <ItemGroup>
    <ClInclude Include="Buzzer.h">
      <Filter>header</Filter>
    </ClInclude>
    <ClInclude Include="PKEMeter.h">
      <Filter>header</Filter>
    </ClInclude>
    <ClInclude Include="PKEMeterInterface.h">
      <Filter>header</Filter>
    </ClInclude>
    <ClInclude Include="__vm\.PKEMeterINO.vsarduino.h">
      <Filter>header</Filter>
    </ClInclude>
    <ClInclude Include="PKEMeterState_Off.h">
      <Filter>header</Filter>
    </ClInclude>
    <ClInclude Include="PKEMeterState_LowEnergyOperativeMode.h">
      <Filter>header</Filter>
    </ClInclude>
    <ClInclude Include="PKEMeterState_HighEnergyOperativeMode.h">
      <Filter>header</Filter>
    </ClInclude>
    <ClInclude Include="PKEMeterState_LowEnergyStage3.h">
      <Filter>header</Filter>
    </ClInclude>
    <ClInclude Include="PKEMeterState_LowEnergyStage2.h">
      <Filter>header</Filter>
    </ClInclude>
    <ClInclude Include="PKEMeterState_HighEnergyStage3.h">
      <Filter>header</Filter>
    </ClInclude>
    <ClInclude Include="PKEMeterState_HighEnergyStage2.h">
      <Filter>header</Filter>
    </ClInclude>
    <ClInclude Include="PKEMeterInput.h">
      <Filter>header</Filter>
    </ClInclude>
    <ClInclude Include="PKEMeterSelector.h">
      <Filter>header</Filter>
    </ClInclude>
    <ClInclude Include="GLoop.h">
      <Filter>ArduinoApplicationEngine\header</Filter>
    </ClInclude>
    <ClInclude Include="State.h">
      <Filter>ArduinoApplicationEngine\header</Filter>
    </ClInclude>
    <ClInclude Include="StateContext.h">
      <Filter>ArduinoApplicationEngine\header</Filter>
    </ClInclude>
    <ClInclude Include="InputLayout.h">
      <Filter>ArduinoApplicationEngine\header</Filter>
    </ClInclude>
    <ClInclude Include="PKEMeterKeyboardLayout.h">
      <Filter>header</Filter>
    </ClInclude>
    <ClInclude Include="PKEMeterStateContext.h">
      <Filter>header</Filter>
    </ClInclude>
  </ItemGroup>
  <ItemGroup>
    <None Include="PKEMeterINO.ino" />
  </ItemGroup>
  <ItemGroup>
    <Filter Include="header">
      <UniqueIdentifier>{b249a51d-fdf1-457c-af16-29f1ef2f8193}</UniqueIdentifier>
    </Filter>
    <Filter Include="src">
      <UniqueIdentifier>{7c895901-cab0-46fc-a0d6-8ab04fb36010}</UniqueIdentifier>
    </Filter>
    <Filter Include="ArduinoApplicationEngine">
      <UniqueIdentifier>{0bc44cdd-7876-4e12-94ae-7f11da9a68a3}</UniqueIdentifier>
    </Filter>
    <Filter Include="ArduinoApplicationEngine\header">
      <UniqueIdentifier>{5bd67e1e-ab66-451d-b619-e80f8ec72a3d}</UniqueIdentifier>
    </Filter>
    <Filter Include="ArduinoApplicationEngine\src">
      <UniqueIdentifier>{f56095ce-5718-4ce8-927d-98a2867fc7d8}</UniqueIdentifier>
    </Filter>
  </ItemGroup>
</Project>